[[package]]
category = "main"
description = "2D and 3D vector, matrix, quaternion and geometry module. updated to python 3."
name = "euclid3"
optional = false
python-versions = "*"
version = "0.01"

[[package]]
category = "main"
description = "NumPy is the fundamental package for array computing with Python."
name = "numpy"
optional = false
python-versions = ">=3.5"
version = "1.18.2"

[[package]]
category = "main"
description = "A simple Python library for easily displaying tabular data in a visually appealing ASCII table format."
name = "prettytable"
optional = false
python-versions = "*"
version = "0.7.2"

[[package]]
category = "main"
description = "Pure Python PNG image encoder/decoder"
name = "pypng"
optional = false
python-versions = "*"
version = "0.0.19"

[[package]]
category = "main"
description = "Alternative regular expression module, to replace re."
name = "regex"
optional = false
python-versions = "*"
version = "2019.12.20"

[[package]]
category = "main"
description = "SciPy: Scientific Library for Python"
name = "scipy"
optional = false
python-versions = ">=2.7,!=3.0.*,!=3.1.*,!=3.2.*,!=3.3.*"
version = "1.2.3"

[package.dependencies]
numpy = ">=1.8.2"

[[package]]
category = "main"
description = "Python interface to the OpenSCAD declarative geometry language"
name = "solidpython"
optional = false
python-versions = ">=3.7"
version = "0.4.7"

[package.dependencies]
PrettyTable = "0.7.2"
euclid3 = ">=0.1.0,<0.2.0"
pypng = ">=0.0.19,<0.0.20"
regex = ">=2019.4,<2020.0"

[[package]]
category = "main"
description = "Python Library for Tom's Obvious, Minimal Language"
name = "toml"
optional = false
python-versions = "*"
version = "0.9.6"

[metadata]
content-hash = "877dfad758c414666c9bd220ff17093322b2fd298944cbdd078674f9a5d45b84"
lock-version = "1.0"
python-versions = "^3.7"

[metadata.files]
euclid3 = [
    {file = "euclid3-0.01.tar.gz", hash = "sha256:25b827a57adbfd9a3fa8625e43abc3e907f61de622343e7e538482ef9b46fd0b"},
]
numpy = [
    {file = "numpy-1.18.2-cp35-cp35m-macosx_10_9_x86_64.whl", hash = "sha256:a1baa1dc8ecd88fb2d2a651671a84b9938461e8a8eed13e2f0a812a94084d1fa"},
    {file = "numpy-1.18.2-cp35-cp35m-manylinux1_i686.whl", hash = "sha256:a244f7af80dacf21054386539699ce29bcc64796ed9850c99a34b41305630286"},
    {file = "numpy-1.18.2-cp35-cp35m-manylinux1_x86_64.whl", hash = "sha256:6fcc5a3990e269f86d388f165a089259893851437b904f422d301cdce4ff25c8"},
    {file = "numpy-1.18.2-cp35-cp35m-win32.whl", hash = "sha256:b5ad0adb51b2dee7d0ee75a69e9871e2ddfb061c73ea8bc439376298141f77f5"},
    {file = "numpy-1.18.2-cp35-cp35m-win_amd64.whl", hash = "sha256:87902e5c03355335fc5992a74ba0247a70d937f326d852fc613b7f53516c0963"},
    {file = "numpy-1.18.2-cp36-cp36m-macosx_10_9_x86_64.whl", hash = "sha256:9ab21d1cb156a620d3999dd92f7d1c86824c622873841d6b080ca5495fa10fef"},
    {file = "numpy-1.18.2-cp36-cp36m-manylinux1_i686.whl", hash = "sha256:cdb3a70285e8220875e4d2bc394e49b4988bdb1298ffa4e0bd81b2f613be397c"},
    {file = "numpy-1.18.2-cp36-cp36m-manylinux1_x86_64.whl", hash = "sha256:6d205249a0293e62bbb3898c4c2e1ff8a22f98375a34775a259a0523111a8f6c"},
    {file = "numpy-1.18.2-cp36-cp36m-win32.whl", hash = "sha256:a35af656a7ba1d3decdd4fae5322b87277de8ac98b7d9da657d9e212ece76a61"},
    {file = "numpy-1.18.2-cp36-cp36m-win_amd64.whl", hash = "sha256:1598a6de323508cfeed6b7cd6c4efb43324f4692e20d1f76e1feec7f59013448"},
    {file = "numpy-1.18.2-cp37-cp37m-macosx_10_9_x86_64.whl", hash = "sha256:deb529c40c3f1e38d53d5ae6cd077c21f1d49e13afc7936f7f868455e16b64a0"},
    {file = "numpy-1.18.2-cp37-cp37m-manylinux1_i686.whl", hash = "sha256:cd77d58fb2acf57c1d1ee2835567cd70e6f1835e32090538f17f8a3a99e5e34b"},
    {file = "numpy-1.18.2-cp37-cp37m-manylinux1_x86_64.whl", hash = "sha256:b1fe1a6f3a6f355f6c29789b5927f8bd4f134a4bd9a781099a7c4f66af8850f5"},
    {file = "numpy-1.18.2-cp37-cp37m-win32.whl", hash = "sha256:2e40be731ad618cb4974d5ba60d373cdf4f1b8dcbf1dcf4d9dff5e212baf69c5"},
    {file = "numpy-1.18.2-cp37-cp37m-win_amd64.whl", hash = "sha256:4ba59db1fcc27ea31368af524dcf874d9277f21fd2e1f7f1e2e0c75ee61419ed"},
    {file = "numpy-1.18.2-cp38-cp38-macosx_10_9_x86_64.whl", hash = "sha256:59ca9c6592da581a03d42cc4e270732552243dc45e87248aa8d636d53812f6a5"},
    {file = "numpy-1.18.2-cp38-cp38-manylinux1_i686.whl", hash = "sha256:1b0ece94018ae21163d1f651b527156e1f03943b986188dd81bc7e066eae9d1c"},
    {file = "numpy-1.18.2-cp38-cp38-manylinux1_x86_64.whl", hash = "sha256:82847f2765835c8e5308f136bc34018d09b49037ec23ecc42b246424c767056b"},
    {file = "numpy-1.18.2-cp38-cp38-win32.whl", hash = "sha256:5e0feb76849ca3e83dd396254e47c7dba65b3fa9ed3df67c2556293ae3e16de3"},
    {file = "numpy-1.18.2-cp38-cp38-win_amd64.whl", hash = "sha256:ba3c7a2814ec8a176bb71f91478293d633c08582119e713a0c5351c0f77698da"},
    {file = "numpy-1.18.2.zip", hash = "sha256:e7894793e6e8540dbeac77c87b489e331947813511108ae097f1715c018b8f3d"},
]
prettytable = [
    {file = "prettytable-0.7.2.tar.bz2", hash = "sha256:853c116513625c738dc3ce1aee148b5b5757a86727e67eff6502c7ca59d43c36"},
    {file = "prettytable-0.7.2.tar.gz", hash = "sha256:2d5460dc9db74a32bcc8f9f67de68b2c4f4d2f01fa3bd518764c69156d9cacd9"},
    {file = "prettytable-0.7.2.zip", hash = "sha256:a53da3b43d7a5c229b5e3ca2892ef982c46b7923b51e98f0db49956531211c4f"},
]
pypng = [
    {file = "pypng-0.0.19.tar.gz", hash = "sha256:3145d042947fa8121e6bd5a7e59149871bf8c13675c42371e12977499d7f3926"},
]
regex = [
    {file = "regex-2019.12.20-cp27-cp27m-win32.whl", hash = "sha256:7bbbdbada3078dc360d4692a9b28479f569db7fc7f304b668787afc9feb38ec8"},
    {file = "regex-2019.12.20-cp27-cp27m-win_amd64.whl", hash = "sha256:a83049eb717ae828ced9cf607845929efcb086a001fc8af93ff15c50012a5716"},
    {file = "regex-2019.12.20-cp36-cp36m-manylinux1_i686.whl", hash = "sha256:27d1bd20d334f50b7ef078eba0f0756a640fd25f5f1708d3b5bed18a5d6bced9"},
    {file = "regex-2019.12.20-cp36-cp36m-manylinux1_x86_64.whl", hash = "sha256:1768cf42a78a11dae63152685e7a1d90af7a8d71d2d4f6d2387edea53a9e0588"},
    {file = "regex-2019.12.20-cp36-cp36m-manylinux2010_i686.whl", hash = "sha256:4850c78b53acf664a6578bba0e9ebeaf2807bb476c14ec7e0f936f2015133cae"},
    {file = "regex-2019.12.20-cp36-cp36m-manylinux2010_x86_64.whl", hash = "sha256:78b3712ec529b2a71731fbb10b907b54d9c53a17ca589b42a578bc1e9a2c82ea"},
    {file = "regex-2019.12.20-cp36-cp36m-win32.whl", hash = "sha256:8d9ef7f6c403e35e73b7fc3cde9f6decdc43b1cb2ff8d058c53b9084bfcb553e"},
    {file = "regex-2019.12.20-cp36-cp36m-win_amd64.whl", hash = "sha256:faad39fdbe2c2ccda9846cd21581063086330efafa47d87afea4073a08128656"},
    {file = "regex-2019.12.20-cp37-cp37m-manylinux1_i686.whl", hash = "sha256:adc35d38952e688535980ae2109cad3a109520033642e759f987cf47fe278aa1"},
    {file = "regex-2019.12.20-cp37-cp37m-manylinux1_x86_64.whl", hash = "sha256:ef0b828a7e22e58e06a1cceddba7b4665c6af8afeb22a0d8083001330572c147"},
    {file = "regex-2019.12.20-cp37-cp37m-manylinux2010_i686.whl", hash = "sha256:0e6cf1e747f383f52a0964452658c04300a9a01e8a89c55ea22813931b580aa8"},
    {file = "regex-2019.12.20-cp37-cp37m-manylinux2010_x86_64.whl", hash = "sha256:032fdcc03406e1a6485ec09b826eac78732943840c4b29e503b789716f051d8d"},
    {file = "regex-2019.12.20-cp37-cp37m-win32.whl", hash = "sha256:77ae8d926f38700432807ba293d768ba9e7652df0cbe76df2843b12f80f68885"},
    {file = "regex-2019.12.20-cp37-cp37m-win_amd64.whl", hash = "sha256:c29a77ad4463f71a506515d9ec3a899ed026b4b015bf43245c919ff36275444b"},
    {file = "regex-2019.12.20-cp38-cp38-manylinux1_i686.whl", hash = "sha256:57eacd38a5ec40ed7b19a968a9d01c0d977bda55664210be713e750dd7b33540"},
    {file = "regex-2019.12.20-cp38-cp38-manylinux1_x86_64.whl", hash = "sha256:724eb24b92fc5fdc1501a1b4df44a68b9c1dda171c8ef8736799e903fb100f63"},
    {file = "regex-2019.12.20-cp38-cp38-manylinux2010_i686.whl", hash = "sha256:d508875793efdf6bab3d47850df8f40d4040ae9928d9d80864c1768d6aeaf8e3"},
    {file = "regex-2019.12.20-cp38-cp38-manylinux2010_x86_64.whl", hash = "sha256:cfd31b3300fefa5eecb2fe596c6dee1b91b3a05ece9d5cfd2631afebf6c6fadd"},
    {file = "regex-2019.12.20-cp38-cp38-win32.whl", hash = "sha256:29b20f66f2e044aafba86ecf10a84e611b4667643c42baa004247f5dfef4f90b"},
    {file = "regex-2019.12.20-cp38-cp38-win_amd64.whl", hash = "sha256:d3ee0b035816e0520fac928de31b6572106f0d75597f6fa3206969a02baba06f"},
    {file = "regex-2019.12.20.tar.gz", hash = "sha256:106e25a841921d8259dcef2a42786caae35bc750fb996f830065b3dfaa67b77e"},
]
scipy = [
    {file = "scipy-1.2.3-cp27-cp27m-macosx_10_6_intel.macosx_10_9_intel.macosx_10_9_x86_64.macosx_10_10_intel.macosx_10_10_x86_64.whl", hash = "sha256:2ff82db1393bd5d8ddeb9134e8f77a8e971e635452d7e65f7238f40c71d385a8"},
    {file = "scipy-1.2.3-cp27-cp27m-manylinux1_i686.whl", hash = "sha256:5d950892a6a2da6dae2b5a3021b329dbf04483a7fb0bd3011685db7f51578ae7"},
    {file = "scipy-1.2.3-cp27-cp27m-manylinux1_x86_64.whl", hash = "sha256:487a61a7e477923c7a9e8fa06f27e3f2dbc7ce9450a970a2e5d902b0a305d028"},
    {file = "scipy-1.2.3-cp27-cp27m-win32.whl", hash = "sha256:3397ce30e240e9a543d81f623a9e8e98ae39012cf72e42e95929530a03f20791"},
    {file = "scipy-1.2.3-cp27-cp27m-win_amd64.whl", hash = "sha256:8533e8c2e467eed913a0aa4fac09c9fb824f32d1ab1121db3a50845f9b347825"},
    {file = "scipy-1.2.3-cp27-cp27mu-manylinux1_i686.whl", hash = "sha256:b6cbb7125b0c742e0f31fb293d19e9f1a03db58f6ddefc51a2025ee15ae607cb"},
    {file = "scipy-1.2.3-cp27-cp27mu-manylinux1_x86_64.whl", hash = "sha256:e870dfd006ab657f9cc48b099646c5ceb4e812e59a7d460dc80ac9a659f089dc"},
    {file = "scipy-1.2.3-cp34-cp34m-macosx_10_6_intel.macosx_10_9_intel.macosx_10_9_x86_64.macosx_10_10_intel.macosx_10_10_x86_64.whl", hash = "sha256:b8b0e81a2b87d68acf4a54aea800edafbb5bc9a04f38256718826f95f625fb75"},
    {file = "scipy-1.2.3-cp34-cp34m-manylinux1_i686.whl", hash = "sha256:ecc27dda36d7172bb4ed7f245499e28251fa17909b314b4e8956a942f302e1a3"},
    {file = "scipy-1.2.3-cp34-cp34m-manylinux1_x86_64.whl", hash = "sha256:ee213d8c8eee0540ba91efca61605dc0e2b5bd90ca35ab49c85f0ad7038df00f"},
    {file = "scipy-1.2.3-cp34-cp34m-win32.whl", hash = "sha256:57a0ee083b94944ba6329e755d112bfd53a98bd9a6a4faf10bc7722c955a7653"},
    {file = "scipy-1.2.3-cp34-cp34m-win_amd64.whl", hash = "sha256:1bc0720f149fbb69d19156cf91730aa21455c58949aea56bfaa2b74c06868100"},
    {file = "scipy-1.2.3-cp35-cp35m-macosx_10_6_intel.macosx_10_9_intel.macosx_10_9_x86_64.macosx_10_10_intel.macosx_10_10_x86_64.whl", hash = "sha256:d39ae9cfd7bdea7753fd617e2edfc68b94a019a65c0153c3fced35cf657b79e7"},
    {file = "scipy-1.2.3-cp35-cp35m-manylinux1_i686.whl", hash = "sha256:7e6c485c3f2789c790fe4cc5c6c3b4554000d284fd05be90479b6fbd8795d064"},
    {file = "scipy-1.2.3-cp35-cp35m-manylinux1_x86_64.whl", hash = "sha256:92fbdcf9acebf2007502adbed1b22e3a3e9445aceb5e7a568f9759d76461368b"},
    {file = "scipy-1.2.3-cp35-cp35m-win32.whl", hash = "sha256:b2fad2430232f8c2faeb0abff7ed5191f0a534bd1bd482c71a9616c44e674c76"},
    {file = "scipy-1.2.3-cp35-cp35m-win_amd64.whl", hash = "sha256:8b3ac1e50188792fdf811e5a747df2b784c65d9a17f59609a73c8285424a48ad"},
    {file = "scipy-1.2.3-cp36-cp36m-macosx_10_6_intel.macosx_10_9_intel.macosx_10_9_x86_64.macosx_10_10_intel.macosx_10_10_x86_64.whl", hash = "sha256:b38f2e6d53f852ae1de1aacead2c26a69c91b36f833e744557ca370979b81652"},
    {file = "scipy-1.2.3-cp36-cp36m-manylinux1_i686.whl", hash = "sha256:39bf06b2536e69f08a257b260aaa25d088d755b73cf3751b44e5838ccb1d0a82"},
    {file = "scipy-1.2.3-cp36-cp36m-manylinux1_x86_64.whl", hash = "sha256:c08013e0fe1554372da9312d5bad588402f71c0636f0f86a9b9b61d507c59bac"},
    {file = "scipy-1.2.3-cp36-cp36m-win32.whl", hash = "sha256:cac83647970115dfb6d29dc3b4ab44b3aa11254e8aeba115f88ad0ccbb273085"},
    {file = "scipy-1.2.3-cp36-cp36m-win_amd64.whl", hash = "sha256:0c23e5b3a314dce4049b969c81ad801cf05e1fe699760846c7567deaa9b8c548"},
    {file = "scipy-1.2.3-cp37-cp37m-macosx_10_6_intel.macosx_10_9_intel.macosx_10_9_x86_64.macosx_10_10_intel.macosx_10_10_x86_64.whl", hash = "sha256:503e25b8da22b1be6f2f81e1dcf26f42bfb13fe89bccbf8bc48e1b6f2a4789c8"},
    {file = "scipy-1.2.3-cp37-cp37m-manylinux1_i686.whl", hash = "sha256:19904399501ecf56ead21b307cc52c8ff03a2103343f554f3fbc189bb2cf1609"},
    {file = "scipy-1.2.3-cp37-cp37m-manylinux1_x86_64.whl", hash = "sha256:f658f90db1530f70128bbeb2c1e61006de2eb2382408080a211d885f501af3a7"},
    {file = "scipy-1.2.3-cp37-cp37m-win32.whl", hash = "sha256:7aeb232273b38e74d89181d9165ca47314e1c4269afe7c3a1926aea3e63345a2"},
    {file = "scipy-1.2.3-cp37-cp37m-win_amd64.whl", hash = "sha256:53353a504ad2181eb27c9d61e91ce29324f8b7550876736a08a36e6b60c43407"},
    {file = "scipy-1.2.3.tar.gz", hash = "sha256:ecbe6413ca90b8e19f8475bfa303ac001e81b04ec600d17fa7f816271f7cca57"},
]
solidpython = [
    {file = "solidpython-0.4.7-py3-none-any.whl", hash = "sha256:fdd5779297dc2c005f0c16f8a92335153b51851cbc2f4f094e29aa311e2a15b8"},
    {file = "solidpython-0.4.7.tar.gz", hash = "sha256:11f6b6cd7aa1533c88011f80aee6570ad93272bc7e07304b9820ad38c03307d3"},
]
toml = [
    {file = "toml-0.9.6-py2.py3-none-any.whl", hash = "sha256:a7901919d3e4f92ffba7ff40a9d697e35bbbc8a8049fe8da742f34c83606d957"},
    {file = "toml-0.9.6.tar.gz", hash = "sha256:380178cde50a6a79f9d2cf6f42a62a5174febe5eea4126fe4038785f1d888d42"},
]
